// !$*UTF8*$!
{
	archiveVersion = 1;
	classes = {
	};
	objectVersion = 55;
	objects = {

/* Begin PBXBuildFile section */
		031659BC29375DD1003B48FC /* AppDelegate.swift in Sources */ = {isa = PBXBuildFile; fileRef = 031659BB29375DD1003B48FC /* AppDelegate.swift */; };
		031659BE29375DD1003B48FC /* SceneDelegate.swift in Sources */ = {isa = PBXBuildFile; fileRef = 031659BD29375DD1003B48FC /* SceneDelegate.swift */; };
		031659C029375DD1003B48FC /* ViewController.swift in Sources */ = {isa = PBXBuildFile; fileRef = 031659BF29375DD1003B48FC /* ViewController.swift */; };
		031659C329375DD1003B48FC /* Main.storyboard in Resources */ = {isa = PBXBuildFile; fileRef = 031659C129375DD1003B48FC /* Main.storyboard */; };
		031659C529375DD2003B48FC /* Assets.xcassets in Resources */ = {isa = PBXBuildFile; fileRef = 031659C429375DD2003B48FC /* Assets.xcassets */; };
		031659C829375DD2003B48FC /* LaunchScreen.storyboard in Resources */ = {isa = PBXBuildFile; fileRef = 031659C629375DD2003B48FC /* LaunchScreen.storyboard */; };
		031659D029377DEB003B48FC /* LaunchViewModel.swift in Sources */ = {isa = PBXBuildFile; fileRef = 031659CF29377DEB003B48FC /* LaunchViewModel.swift */; };
		031659D529377E74003B48FC /* LaunchTableViewCell.swift in Sources */ = {isa = PBXBuildFile; fileRef = 031659D329377E74003B48FC /* LaunchTableViewCell.swift */; };
		031659D629377E74003B48FC /* LaunchTableViewCell.xib in Resources */ = {isa = PBXBuildFile; fileRef = 031659D429377E74003B48FC /* LaunchTableViewCell.xib */; };
		031659D929377EEB003B48FC /* ApolloNetworkHelper.swift in Sources */ = {isa = PBXBuildFile; fileRef = 031659D829377EEB003B48FC /* ApolloNetworkHelper.swift */; };
		031659DB29377F01003B48FC /* LaunchList.swift in Sources */ = {isa = PBXBuildFile; fileRef = 031659DA29377F01003B48FC /* LaunchList.swift */; };
		031659DD29377F2E003B48FC /* LaunchList.graphql in Resources */ = {isa = PBXBuildFile; fileRef = 031659DC29377F2E003B48FC /* LaunchList.graphql */; };
		032C72AF2969A38500E517FC /* SplashViewController.swift in Sources */ = {isa = PBXBuildFile; fileRef = 032C72AE2969A38500E517FC /* SplashViewController.swift */; };
		03623C8C297844650026E2B6 /* FeaturedViewController.swift in Sources */ = {isa = PBXBuildFile; fileRef = 03623C8B297844650026E2B6 /* FeaturedViewController.swift */; };
		0363E8F72937AF3500B5F96C /* schema.json in Resources */ = {isa = PBXBuildFile; fileRef = 0363E8F62937AF3500B5F96C /* schema.json */; };
		0371E1592AC72DE900585778 /* PagingSectionFooterView.swift in Sources */ = {isa = PBXBuildFile; fileRef = 0371E1582AC72DE900585778 /* PagingSectionFooterView.swift */; };
		0371E15B2AC87C4A00585778 /* FeaturedHeaderPageControl.swift in Sources */ = {isa = PBXBuildFile; fileRef = 0371E15A2AC87C4A00585778 /* FeaturedHeaderPageControl.swift */; };
		037AC8462A65C02F00495F9C /* Rockets.graphql in Resources */ = {isa = PBXBuildFile; fileRef = 037AC8452A65C02F00495F9C /* Rockets.graphql */; };
		037AC8482A65C30A00495F9C /* Rockets.swift in Sources */ = {isa = PBXBuildFile; fileRef = 037AC8472A65C30A00495F9C /* Rockets.swift */; };
		037AC84A2A65C84A00495F9C /* RocketsLaunchViewModel.swift in Sources */ = {isa = PBXBuildFile; fileRef = 037AC8492A65C84A00495F9C /* RocketsLaunchViewModel.swift */; };
		03CFCA2829E0386000CB9FED /* FeaturedLaunchesHeaderView.swift in Sources */ = {isa = PBXBuildFile; fileRef = 03CFCA2729E0386000CB9FED /* FeaturedLaunchesHeaderView.swift */; };
		03CFCA2B29E03A2900CB9FED /* FeaturedLaunchesSection.swift in Sources */ = {isa = PBXBuildFile; fileRef = 03CFCA2A29E03A2900CB9FED /* FeaturedLaunchesSection.swift */; };
		03CFCA2D29E03A9600CB9FED /* FeaturedLaunch.swift in Sources */ = {isa = PBXBuildFile; fileRef = 03CFCA2C29E03A9600CB9FED /* FeaturedLaunch.swift */; };
		03F81D042948758000489C70 /* WebStoryboard.storyboard in Resources */ = {isa = PBXBuildFile; fileRef = 03F81D032948758000489C70 /* WebStoryboard.storyboard */; };
		03F81D052949FE8A00489C70 /* WebViewController.swift in Sources */ = {isa = PBXBuildFile; fileRef = 03F81D01294874FD00489C70 /* WebViewController.swift */; };
		03FF334629812B480068DC34 /* FeaturedCollectionViewCell.swift in Sources */ = {isa = PBXBuildFile; fileRef = 03FF334529812B480068DC34 /* FeaturedCollectionViewCell.swift */; };
		03FF3348298160100068DC34 /* FeaturedCollectionViewCell.xib in Resources */ = {isa = PBXBuildFile; fileRef = 03FF3347298160100068DC34 /* FeaturedCollectionViewCell.xib */; };
		94495EB6CF80F3EDFDC4578C /* Pods_RocketWatch.framework in Frameworks */ = {isa = PBXBuildFile; fileRef = 874D8475385B9651D4C0D958 /* Pods_RocketWatch.framework */; };
/* End PBXBuildFile section */

/* Begin PBXFileReference section */
		031659B829375DD1003B48FC /* RocketWatch.app */ = {isa = PBXFileReference; explicitFileType = wrapper.application; includeInIndex = 0; path = RocketWatch.app; sourceTree = BUILT_PRODUCTS_DIR; };
		031659BB29375DD1003B48FC /* AppDelegate.swift */ = {isa = PBXFileReference; lastKnownFileType = sourcecode.swift; path = AppDelegate.swift; sourceTree = "<group>"; };
		031659BD29375DD1003B48FC /* SceneDelegate.swift */ = {isa = PBXFileReference; lastKnownFileType = sourcecode.swift; path = SceneDelegate.swift; sourceTree = "<group>"; };
		031659BF29375DD1003B48FC /* ViewController.swift */ = {isa = PBXFileReference; lastKnownFileType = sourcecode.swift; path = ViewController.swift; sourceTree = "<group>"; };
		031659C229375DD1003B48FC /* Base */ = {isa = PBXFileReference; lastKnownFileType = file.storyboard; name = Base; path = Base.lproj/Main.storyboard; sourceTree = "<group>"; };
		031659C429375DD2003B48FC /* Assets.xcassets */ = {isa = PBXFileReference; lastKnownFileType = folder.assetcatalog; path = Assets.xcassets; sourceTree = "<group>"; };
		031659C729375DD2003B48FC /* Base */ = {isa = PBXFileReference; lastKnownFileType = file.storyboard; name = Base; path = Base.lproj/LaunchScreen.storyboard; sourceTree = "<group>"; };
		031659C929375DD2003B48FC /* Info.plist */ = {isa = PBXFileReference; lastKnownFileType = text.plist.xml; path = Info.plist; sourceTree = "<group>"; };
		031659CF29377DEB003B48FC /* LaunchViewModel.swift */ = {isa = PBXFileReference; lastKnownFileType = sourcecode.swift; path = LaunchViewModel.swift; sourceTree = "<group>"; };
		031659D329377E74003B48FC /* LaunchTableViewCell.swift */ = {isa = PBXFileReference; lastKnownFileType = sourcecode.swift; path = LaunchTableViewCell.swift; sourceTree = "<group>"; };
		031659D429377E74003B48FC /* LaunchTableViewCell.xib */ = {isa = PBXFileReference; lastKnownFileType = file.xib; path = LaunchTableViewCell.xib; sourceTree = "<group>"; };
		031659D829377EEB003B48FC /* ApolloNetworkHelper.swift */ = {isa = PBXFileReference; lastKnownFileType = sourcecode.swift; path = ApolloNetworkHelper.swift; sourceTree = "<group>"; };
		031659DA29377F01003B48FC /* LaunchList.swift */ = {isa = PBXFileReference; lastKnownFileType = sourcecode.swift; path = LaunchList.swift; sourceTree = "<group>"; };
		031659DC29377F2E003B48FC /* LaunchList.graphql */ = {isa = PBXFileReference; lastKnownFileType = text; path = LaunchList.graphql; sourceTree = "<group>"; };
		032C72AE2969A38500E517FC /* SplashViewController.swift */ = {isa = PBXFileReference; lastKnownFileType = sourcecode.swift; path = SplashViewController.swift; sourceTree = "<group>"; };
		03623C8B297844650026E2B6 /* FeaturedViewController.swift */ = {isa = PBXFileReference; lastKnownFileType = sourcecode.swift; path = FeaturedViewController.swift; sourceTree = "<group>"; };
		0363E8F62937AF3500B5F96C /* schema.json */ = {isa = PBXFileReference; fileEncoding = 4; lastKnownFileType = text.json; path = schema.json; sourceTree = "<group>"; };
		0371E1582AC72DE900585778 /* PagingSectionFooterView.swift */ = {isa = PBXFileReference; lastKnownFileType = sourcecode.swift; path = PagingSectionFooterView.swift; sourceTree = "<group>"; };
		0371E15A2AC87C4A00585778 /* FeaturedHeaderPageControl.swift */ = {isa = PBXFileReference; lastKnownFileType = sourcecode.swift; path = FeaturedHeaderPageControl.swift; sourceTree = "<group>"; };
		037AC8452A65C02F00495F9C /* Rockets.graphql */ = {isa = PBXFileReference; lastKnownFileType = text; path = Rockets.graphql; sourceTree = "<group>"; };
		037AC8472A65C30A00495F9C /* Rockets.swift */ = {isa = PBXFileReference; fileEncoding = 4; lastKnownFileType = sourcecode.swift; path = Rockets.swift; sourceTree = "<group>"; };
		037AC8492A65C84A00495F9C /* RocketsLaunchViewModel.swift */ = {isa = PBXFileReference; lastKnownFileType = sourcecode.swift; path = RocketsLaunchViewModel.swift; sourceTree = "<group>"; };
		03CFCA2729E0386000CB9FED /* FeaturedLaunchesHeaderView.swift */ = {isa = PBXFileReference; lastKnownFileType = sourcecode.swift; path = FeaturedLaunchesHeaderView.swift; sourceTree = "<group>"; };
		03CFCA2A29E03A2900CB9FED /* FeaturedLaunchesSection.swift */ = {isa = PBXFileReference; lastKnownFileType = sourcecode.swift; path = FeaturedLaunchesSection.swift; sourceTree = "<group>"; };
		03CFCA2C29E03A9600CB9FED /* FeaturedLaunch.swift */ = {isa = PBXFileReference; lastKnownFileType = sourcecode.swift; path = FeaturedLaunch.swift; sourceTree = "<group>"; };
		03F81D01294874FD00489C70 /* WebViewController.swift */ = {isa = PBXFileReference; lastKnownFileType = sourcecode.swift; path = WebViewController.swift; sourceTree = "<group>"; };
		03F81D032948758000489C70 /* WebStoryboard.storyboard */ = {isa = PBXFileReference; lastKnownFileType = file.storyboard; path = WebStoryboard.storyboard; sourceTree = "<group>"; };
		03FF334529812B480068DC34 /* FeaturedCollectionViewCell.swift */ = {isa = PBXFileReference; lastKnownFileType = sourcecode.swift; path = FeaturedCollectionViewCell.swift; sourceTree = "<group>"; };
		03FF3347298160100068DC34 /* FeaturedCollectionViewCell.xib */ = {isa = PBXFileReference; lastKnownFileType = file.xib; path = FeaturedCollectionViewCell.xib; sourceTree = "<group>"; };
		6740A71B2FB9576733F769A6 /* Pods-RocketWatch.debug.xcconfig */ = {isa = PBXFileReference; includeInIndex = 1; lastKnownFileType = text.xcconfig; name = "Pods-RocketWatch.debug.xcconfig"; path = "Target Support Files/Pods-RocketWatch/Pods-RocketWatch.debug.xcconfig"; sourceTree = "<group>"; };
		874D8475385B9651D4C0D958 /* Pods_RocketWatch.framework */ = {isa = PBXFileReference; explicitFileType = wrapper.framework; includeInIndex = 0; path = Pods_RocketWatch.framework; sourceTree = BUILT_PRODUCTS_DIR; };
		DBFB765E1827CB6582207565 /* Pods-RocketWatch.release.xcconfig */ = {isa = PBXFileReference; includeInIndex = 1; lastKnownFileType = text.xcconfig; name = "Pods-RocketWatch.release.xcconfig"; path = "Target Support Files/Pods-RocketWatch/Pods-RocketWatch.release.xcconfig"; sourceTree = "<group>"; };
/* End PBXFileReference section */

/* Begin PBXFrameworksBuildPhase section */
		031659B529375DD1003B48FC /* Frameworks */ = {
			isa = PBXFrameworksBuildPhase;
			buildActionMask = 2147483647;
			files = (
				94495EB6CF80F3EDFDC4578C /* Pods_RocketWatch.framework in Frameworks */,
			);
			runOnlyForDeploymentPostprocessing = 0;
		};
/* End PBXFrameworksBuildPhase section */

/* Begin PBXGroup section */
		031659AF29375DD1003B48FC = {
			isa = PBXGroup;
			children = (
				031659BA29375DD1003B48FC /* RocketWatch */,
				031659B929375DD1003B48FC /* Products */,
				D16EB2EAEE723652BB8207B2 /* Pods */,
				7454DF0B6960C67E34CCD494 /* Frameworks */,
			);
			sourceTree = "<group>";
		};
		031659B929375DD1003B48FC /* Products */ = {
			isa = PBXGroup;
			children = (
				031659B829375DD1003B48FC /* RocketWatch.app */,
			);
			name = Products;
			sourceTree = "<group>";
		};
		031659BA29375DD1003B48FC /* RocketWatch */ = {
			isa = PBXGroup;
			children = (
				03CFCA2929E03A0B00CB9FED /* Models */,
				0363E8FA2937B7AF00B5F96C /* GraphQL */,
				031659D129377DF7003B48FC /* ViewModel */,
				031659D229377E0E003B48FC /* View */,
				031659BB29375DD1003B48FC /* AppDelegate.swift */,
				031659BD29375DD1003B48FC /* SceneDelegate.swift */,
				031659BF29375DD1003B48FC /* ViewController.swift */,
				03623C8B297844650026E2B6 /* FeaturedViewController.swift */,
				03F81D01294874FD00489C70 /* WebViewController.swift */,
				032C72AE2969A38500E517FC /* SplashViewController.swift */,
				0371E1582AC72DE900585778 /* PagingSectionFooterView.swift */,
				03F81D032948758000489C70 /* WebStoryboard.storyboard */,
				031659C129375DD1003B48FC /* Main.storyboard */,
				031659C429375DD2003B48FC /* Assets.xcassets */,
				031659C629375DD2003B48FC /* LaunchScreen.storyboard */,
				031659C929375DD2003B48FC /* Info.plist */,
			);
			path = RocketWatch;
			sourceTree = "<group>";
		};
		031659D129377DF7003B48FC /* ViewModel */ = {
			isa = PBXGroup;
			children = (
				031659CF29377DEB003B48FC /* LaunchViewModel.swift */,
				037AC8492A65C84A00495F9C /* RocketsLaunchViewModel.swift */,
			);
			path = ViewModel;
			sourceTree = "<group>";
		};
		031659D229377E0E003B48FC /* View */ = {
			isa = PBXGroup;
			children = (
				031659D329377E74003B48FC /* LaunchTableViewCell.swift */,
				031659D429377E74003B48FC /* LaunchTableViewCell.xib */,
				03FF334529812B480068DC34 /* FeaturedCollectionViewCell.swift */,
				03FF3347298160100068DC34 /* FeaturedCollectionViewCell.xib */,
				03CFCA2729E0386000CB9FED /* FeaturedLaunchesHeaderView.swift */,
				0371E15A2AC87C4A00585778 /* FeaturedHeaderPageControl.swift */,
			);
			path = View;
			sourceTree = "<group>";
		};
		0363E8FA2937B7AF00B5F96C /* GraphQL */ = {
			isa = PBXGroup;
			children = (
				0363E8F62937AF3500B5F96C /* schema.json */,
				031659D829377EEB003B48FC /* ApolloNetworkHelper.swift */,
				037AC8472A65C30A00495F9C /* Rockets.swift */,
				031659DA29377F01003B48FC /* LaunchList.swift */,
				031659DC29377F2E003B48FC /* LaunchList.graphql */,
				037AC8452A65C02F00495F9C /* Rockets.graphql */,
			);
			name = GraphQL;
			sourceTree = "<group>";
		};
		03CFCA2929E03A0B00CB9FED /* Models */ = {
			isa = PBXGroup;
			children = (
				03CFCA2A29E03A2900CB9FED /* FeaturedLaunchesSection.swift */,
				03CFCA2C29E03A9600CB9FED /* FeaturedLaunch.swift */,
			);
			path = Models;
			sourceTree = "<group>";
		};
		7454DF0B6960C67E34CCD494 /* Frameworks */ = {
			isa = PBXGroup;
			children = (
				874D8475385B9651D4C0D958 /* Pods_RocketWatch.framework */,
			);
			name = Frameworks;
			sourceTree = "<group>";
		};
		D16EB2EAEE723652BB8207B2 /* Pods */ = {
			isa = PBXGroup;
			children = (
				6740A71B2FB9576733F769A6 /* Pods-RocketWatch.debug.xcconfig */,
				DBFB765E1827CB6582207565 /* Pods-RocketWatch.release.xcconfig */,
			);
			path = Pods;
			sourceTree = "<group>";
		};
/* End PBXGroup section */

/* Begin PBXNativeTarget section */
		031659B729375DD1003B48FC /* RocketWatch */ = {
			isa = PBXNativeTarget;
			buildConfigurationList = 031659CC29375DD2003B48FC /* Build configuration list for PBXNativeTarget "RocketWatch" */;
			buildPhases = (
				056534727E8F06D37680DE1A /* [CP] Check Pods Manifest.lock */,
				0363E8F82937AFAD00B5F96C /* Apollo */,
				031659B429375DD1003B48FC /* Sources */,
				031659B529375DD1003B48FC /* Frameworks */,
				031659B629375DD1003B48FC /* Resources */,
				DCD8EC5CCC734EB2D3E27C74 /* [CP] Embed Pods Frameworks */,
			);
			buildRules = (
			);
			dependencies = (
			);
			name = RocketWatch;
			productName = TestGraphQL;
			productReference = 031659B829375DD1003B48FC /* RocketWatch.app */;
			productType = "com.apple.product-type.application";
		};
/* End PBXNativeTarget section */

/* Begin PBXProject section */
		031659B029375DD1003B48FC /* Project object */ = {
			isa = PBXProject;
			attributes = {
				BuildIndependentTargetsInParallel = 1;
				LastSwiftUpdateCheck = 1340;
				LastUpgradeCheck = 1340;
				TargetAttributes = {
					031659B729375DD1003B48FC = {
						CreatedOnToolsVersion = 13.4.1;
					};
				};
			};
			buildConfigurationList = 031659B329375DD1003B48FC /* Build configuration list for PBXProject "RocketWatch" */;
			compatibilityVersion = "Xcode 13.0";
			developmentRegion = en;
			hasScannedForEncodings = 0;
			knownRegions = (
				en,
				Base,
			);
			mainGroup = 031659AF29375DD1003B48FC;
			productRefGroup = 031659B929375DD1003B48FC /* Products */;
			projectDirPath = "";
			projectRoot = "";
			targets = (
				031659B729375DD1003B48FC /* RocketWatch */,
			);
		};
/* End PBXProject section */

/* Begin PBXResourcesBuildPhase section */
		031659B629375DD1003B48FC /* Resources */ = {
			isa = PBXResourcesBuildPhase;
			buildActionMask = 2147483647;
			files = (
				031659C829375DD2003B48FC /* LaunchScreen.storyboard in Resources */,
				031659C529375DD2003B48FC /* Assets.xcassets in Resources */,
				031659D629377E74003B48FC /* LaunchTableViewCell.xib in Resources */,
				031659C329375DD1003B48FC /* Main.storyboard in Resources */,
				03F81D042948758000489C70 /* WebStoryboard.storyboard in Resources */,
				0363E8F72937AF3500B5F96C /* schema.json in Resources */,
				037AC8462A65C02F00495F9C /* Rockets.graphql in Resources */,
				03FF3348298160100068DC34 /* FeaturedCollectionViewCell.xib in Resources */,
				031659DD29377F2E003B48FC /* LaunchList.graphql in Resources */,
			);
			runOnlyForDeploymentPostprocessing = 0;
		};
/* End PBXResourcesBuildPhase section */

/* Begin PBXShellScriptBuildPhase section */
		0363E8F82937AFAD00B5F96C /* Apollo */ = {
			isa = PBXShellScriptBuildPhase;
			buildActionMask = 2147483647;
			files = (
			);
			inputFileListPaths = (
			);
			inputPaths = (
			);
			name = Apollo;
			outputFileListPaths = (
			);
			outputPaths = (
			);
			runOnlyForDeploymentPostprocessing = 0;
			shellPath = /bin/sh;
			shellScript = "# Don't run this during index builds\nif [ $ACTION = \"indexbuild\" ]; then exit 0; fi\nSCRIPT_PATH=\"${PODS_ROOT}/Apollo/scripts\"\ncd \"${SRCROOT}/${TARGET_NAME}\"\n\"${SCRIPT_PATH}\"/run-bundled-codegen.sh codegen:generate --target=swift --includes=./**/*LaunchList.graphql --localSchemaFile=\"schema.json\" LaunchList.swift\n\"${SCRIPT_PATH}\"/run-bundled-codegen.sh codegen:generate --target=swift --includes=./**/*Rockets.graphql --localSchemaFile=\"schema.json\" Rockets.swift\n\n\n\n";
		};
		056534727E8F06D37680DE1A /* [CP] Check Pods Manifest.lock */ = {
			isa = PBXShellScriptBuildPhase;
			buildActionMask = 2147483647;
			files = (
			);
			inputFileListPaths = (
			);
			inputPaths = (
				"${PODS_PODFILE_DIR_PATH}/Podfile.lock",
				"${PODS_ROOT}/Manifest.lock",
			);
			name = "[CP] Check Pods Manifest.lock";
			outputFileListPaths = (
			);
			outputPaths = (
				"$(DERIVED_FILE_DIR)/Pods-RocketWatch-checkManifestLockResult.txt",
			);
			runOnlyForDeploymentPostprocessing = 0;
			shellPath = /bin/sh;
			shellScript = "diff \"${PODS_PODFILE_DIR_PATH}/Podfile.lock\" \"${PODS_ROOT}/Manifest.lock\" > /dev/null\nif [ $? != 0 ] ; then\n    # print error to STDERR\n    echo \"error: The sandbox is not in sync with the Podfile.lock. Run 'pod install' or update your CocoaPods installation.\" >&2\n    exit 1\nfi\n# This output is used by Xcode 'outputs' to avoid re-running this script phase.\necho \"SUCCESS\" > \"${SCRIPT_OUTPUT_FILE_0}\"\n";
			showEnvVarsInLog = 0;
		};
		DCD8EC5CCC734EB2D3E27C74 /* [CP] Embed Pods Frameworks */ = {
			isa = PBXShellScriptBuildPhase;
			buildActionMask = 2147483647;
			files = (
			);
			inputFileListPaths = (
				"${PODS_ROOT}/Target Support Files/Pods-RocketWatch/Pods-RocketWatch-frameworks-${CONFIGURATION}-input-files.xcfilelist",
			);
			name = "[CP] Embed Pods Frameworks";
			outputFileListPaths = (
				"${PODS_ROOT}/Target Support Files/Pods-RocketWatch/Pods-RocketWatch-frameworks-${CONFIGURATION}-output-files.xcfilelist",
			);
			runOnlyForDeploymentPostprocessing = 0;
			shellPath = /bin/sh;
			shellScript = "\"${PODS_ROOT}/Target Support Files/Pods-RocketWatch/Pods-RocketWatch-frameworks.sh\"\n";
			showEnvVarsInLog = 0;
		};
/* End PBXShellScriptBuildPhase section */

/* Begin PBXSourcesBuildPhase section */
		031659B429375DD1003B48FC /* Sources */ = {
			isa = PBXSourcesBuildPhase;
			buildActionMask = 2147483647;
			files = (
				031659C029375DD1003B48FC /* ViewController.swift in Sources */,
				031659DB29377F01003B48FC /* LaunchList.swift in Sources */,
				0371E1592AC72DE900585778 /* PagingSectionFooterView.swift in Sources */,
				031659D929377EEB003B48FC /* ApolloNetworkHelper.swift in Sources */,
				037AC8482A65C30A00495F9C /* Rockets.swift in Sources */,
				032C72AF2969A38500E517FC /* SplashViewController.swift in Sources */,
				03CFCA2829E0386000CB9FED /* FeaturedLaunchesHeaderView.swift in Sources */,
				03CFCA2B29E03A2900CB9FED /* FeaturedLaunchesSection.swift in Sources */,
				03FF334629812B480068DC34 /* FeaturedCollectionViewCell.swift in Sources */,
				03623C8C297844650026E2B6 /* FeaturedViewController.swift in Sources */,
				037AC84A2A65C84A00495F9C /* RocketsLaunchViewModel.swift in Sources */,
				031659D529377E74003B48FC /* LaunchTableViewCell.swift in Sources */,
				031659BC29375DD1003B48FC /* AppDelegate.swift in Sources */,
				0371E15B2AC87C4A00585778 /* FeaturedHeaderPageControl.swift in Sources */,
				031659BE29375DD1003B48FC /* SceneDelegate.swift in Sources */,
				031659D029377DEB003B48FC /* LaunchViewModel.swift in Sources */,
				03CFCA2D29E03A9600CB9FED /* FeaturedLaunch.swift in Sources */,
				03F81D052949FE8A00489C70 /* WebViewController.swift in Sources */,
			);
			runOnlyForDeploymentPostprocessing = 0;
		};
/* End PBXSourcesBuildPhase section */

/* Begin PBXVariantGroup section */
		031659C129375DD1003B48FC /* Main.storyboard */ = {
			isa = PBXVariantGroup;
			children = (
				031659C229375DD1003B48FC /* Base */,
			);
			name = Main.storyboard;
			sourceTree = "<group>";
		};
		031659C629375DD2003B48FC /* LaunchScreen.storyboard */ = {
			isa = PBXVariantGroup;
			children = (
				031659C729375DD2003B48FC /* Base */,
			);
			name = LaunchScreen.storyboard;
			sourceTree = "<group>";
		};
/* End PBXVariantGroup section */

/* Begin XCBuildConfiguration section */
		031659CA29375DD2003B48FC /* Debug */ = {
			isa = XCBuildConfiguration;
			buildSettings = {
				ALWAYS_SEARCH_USER_PATHS = NO;
				CLANG_ANALYZER_NONNULL = YES;
				CLANG_ANALYZER_NUMBER_OBJECT_CONVERSION = YES_AGGRESSIVE;
				CLANG_CXX_LANGUAGE_STANDARD = "gnu++17";
				CLANG_ENABLE_MODULES = YES;
				CLANG_ENABLE_OBJC_ARC = YES;
				CLANG_ENABLE_OBJC_WEAK = YES;
				CLANG_WARN_BLOCK_CAPTURE_AUTORELEASING = YES;
				CLANG_WARN_BOOL_CONVERSION = YES;
				CLANG_WARN_COMMA = YES;
				CLANG_WARN_CONSTANT_CONVERSION = YES;
				CLANG_WARN_DEPRECATED_OBJC_IMPLEMENTATIONS = YES;
				CLANG_WARN_DIRECT_OBJC_ISA_USAGE = YES_ERROR;
				CLANG_WARN_DOCUMENTATION_COMMENTS = YES;
				CLANG_WARN_EMPTY_BODY = YES;
				CLANG_WARN_ENUM_CONVERSION = YES;
				CLANG_WARN_INFINITE_RECURSION = YES;
				CLANG_WARN_INT_CONVERSION = YES;
				CLANG_WARN_NON_LITERAL_NULL_CONVERSION = YES;
				CLANG_WARN_OBJC_IMPLICIT_RETAIN_SELF = YES;
				CLANG_WARN_OBJC_LITERAL_CONVERSION = YES;
				CLANG_WARN_OBJC_ROOT_CLASS = YES_ERROR;
				CLANG_WARN_QUOTED_INCLUDE_IN_FRAMEWORK_HEADER = YES;
				CLANG_WARN_RANGE_LOOP_ANALYSIS = YES;
				CLANG_WARN_STRICT_PROTOTYPES = YES;
				CLANG_WARN_SUSPICIOUS_MOVE = YES;
				CLANG_WARN_UNGUARDED_AVAILABILITY = YES_AGGRESSIVE;
				CLANG_WARN_UNREACHABLE_CODE = YES;
				CLANG_WARN__DUPLICATE_METHOD_MATCH = YES;
				COPY_PHASE_STRIP = NO;
				DEBUG_INFORMATION_FORMAT = dwarf;
				ENABLE_STRICT_OBJC_MSGSEND = YES;
				ENABLE_TESTABILITY = YES;
				GCC_C_LANGUAGE_STANDARD = gnu11;
				GCC_DYNAMIC_NO_PIC = NO;
				GCC_NO_COMMON_BLOCKS = YES;
				GCC_OPTIMIZATION_LEVEL = 0;
				GCC_PREPROCESSOR_DEFINITIONS = (
					"DEBUG=1",
					"$(inherited)",
				);
				GCC_WARN_64_TO_32_BIT_CONVERSION = YES;
				GCC_WARN_ABOUT_RETURN_TYPE = YES_ERROR;
				GCC_WARN_UNDECLARED_SELECTOR = YES;
				GCC_WARN_UNINITIALIZED_AUTOS = YES_AGGRESSIVE;
				GCC_WARN_UNUSED_FUNCTION = YES;
				GCC_WARN_UNUSED_VARIABLE = YES;
				IPHONEOS_DEPLOYMENT_TARGET = 15.5;
				MTL_ENABLE_DEBUG_INFO = INCLUDE_SOURCE;
				MTL_FAST_MATH = YES;
				ONLY_ACTIVE_ARCH = YES;
				SDKROOT = iphoneos;
				SWIFT_ACTIVE_COMPILATION_CONDITIONS = DEBUG;
				SWIFT_OPTIMIZATION_LEVEL = "-Onone";
			};
			name = Debug;
		};
		031659CB29375DD2003B48FC /* Release */ = {
			isa = XCBuildConfiguration;
			buildSettings = {
				ALWAYS_SEARCH_USER_PATHS = NO;
				CLANG_ANALYZER_NONNULL = YES;
				CLANG_ANALYZER_NUMBER_OBJECT_CONVERSION = YES_AGGRESSIVE;
				CLANG_CXX_LANGUAGE_STANDARD = "gnu++17";
				CLANG_ENABLE_MODULES = YES;
				CLANG_ENABLE_OBJC_ARC = YES;
				CLANG_ENABLE_OBJC_WEAK = YES;
				CLANG_WARN_BLOCK_CAPTURE_AUTORELEASING = YES;
				CLANG_WARN_BOOL_CONVERSION = YES;
				CLANG_WARN_COMMA = YES;
				CLANG_WARN_CONSTANT_CONVERSION = YES;
				CLANG_WARN_DEPRECATED_OBJC_IMPLEMENTATIONS = YES;
				CLANG_WARN_DIRECT_OBJC_ISA_USAGE = YES_ERROR;
				CLANG_WARN_DOCUMENTATION_COMMENTS = YES;
				CLANG_WARN_EMPTY_BODY = YES;
				CLANG_WARN_ENUM_CONVERSION = YES;
				CLANG_WARN_INFINITE_RECURSION = YES;
				CLANG_WARN_INT_CONVERSION = YES;
				CLANG_WARN_NON_LITERAL_NULL_CONVERSION = YES;
				CLANG_WARN_OBJC_IMPLICIT_RETAIN_SELF = YES;
				CLANG_WARN_OBJC_LITERAL_CONVERSION = YES;
				CLANG_WARN_OBJC_ROOT_CLASS = YES_ERROR;
				CLANG_WARN_QUOTED_INCLUDE_IN_FRAMEWORK_HEADER = YES;
				CLANG_WARN_RANGE_LOOP_ANALYSIS = YES;
				CLANG_WARN_STRICT_PROTOTYPES = YES;
				CLANG_WARN_SUSPICIOUS_MOVE = YES;
				CLANG_WARN_UNGUARDED_AVAILABILITY = YES_AGGRESSIVE;
				CLANG_WARN_UNREACHABLE_CODE = YES;
				CLANG_WARN__DUPLICATE_METHOD_MATCH = YES;
				COPY_PHASE_STRIP = NO;
				DEBUG_INFORMATION_FORMAT = "dwarf-with-dsym";
				ENABLE_NS_ASSERTIONS = NO;
				ENABLE_STRICT_OBJC_MSGSEND = YES;
				GCC_C_LANGUAGE_STANDARD = gnu11;
				GCC_NO_COMMON_BLOCKS = YES;
				GCC_WARN_64_TO_32_BIT_CONVERSION = YES;
				GCC_WARN_ABOUT_RETURN_TYPE = YES_ERROR;
				GCC_WARN_UNDECLARED_SELECTOR = YES;
				GCC_WARN_UNINITIALIZED_AUTOS = YES_AGGRESSIVE;
				GCC_WARN_UNUSED_FUNCTION = YES;
				GCC_WARN_UNUSED_VARIABLE = YES;
				IPHONEOS_DEPLOYMENT_TARGET = 15.5;
				MTL_ENABLE_DEBUG_INFO = NO;
				MTL_FAST_MATH = YES;
				SDKROOT = iphoneos;
				SWIFT_COMPILATION_MODE = wholemodule;
				SWIFT_OPTIMIZATION_LEVEL = "-O";
				VALIDATE_PRODUCT = YES;
			};
			name = Release;
		};
		031659CD29375DD2003B48FC /* Debug */ = {
			isa = XCBuildConfiguration;
			baseConfigurationReference = 6740A71B2FB9576733F769A6 /* Pods-RocketWatch.debug.xcconfig */;
			buildSettings = {
				ASSETCATALOG_COMPILER_APPICON_NAME = AppIcon;
				ASSETCATALOG_COMPILER_GLOBAL_ACCENT_COLOR_NAME = AccentColor;
				CODE_SIGN_STYLE = Automatic;
				CURRENT_PROJECT_VERSION = 1;
				DEVELOPMENT_TEAM = 3W2PBZ455G;
				GCC_OPTIMIZATION_LEVEL = s;
				GENERATE_INFOPLIST_FILE = YES;
				INFOPLIST_FILE = RocketWatch/Info.plist;
				INFOPLIST_KEY_CFBundleDisplayName = RocketWatch;
				INFOPLIST_KEY_UIApplicationSupportsIndirectInputEvents = YES;
				INFOPLIST_KEY_UILaunchStoryboardName = LaunchScreen;
				INFOPLIST_KEY_UIMainStoryboardFile = Main;
				INFOPLIST_KEY_UISupportedInterfaceOrientations_iPad = "UIInterfaceOrientationPortrait UIInterfaceOrientationPortraitUpsideDown UIInterfaceOrientationLandscapeLeft UIInterfaceOrientationLandscapeRight";
				INFOPLIST_KEY_UISupportedInterfaceOrientations_iPhone = "UIInterfaceOrientationPortrait UIInterfaceOrientationLandscapeLeft UIInterfaceOrientationLandscapeRight";
				LD_RUNPATH_SEARCH_PATHS = (
					"$(inherited)",
					"@executable_path/Frameworks",
				);
				MARKETING_VERSION = 1.0;
				PRODUCT_BUNDLE_IDENTIFIER = B3.RocketWatch;
				PRODUCT_NAME = "$(TARGET_NAME)";
				SWIFT_COMPILATION_MODE = singlefile;
				SWIFT_EMIT_LOC_STRINGS = YES;
				SWIFT_VERSION = 5.0;
				TARGETED_DEVICE_FAMILY = "1,2";
			};
			name = Debug;
		};
		031659CE29375DD2003B48FC /* Release */ = {
			isa = XCBuildConfiguration;
			baseConfigurationReference = DBFB765E1827CB6582207565 /* Pods-RocketWatch.release.xcconfig */;
			buildSettings = {
				ASSETCATALOG_COMPILER_APPICON_NAME = AppIcon;
				ASSETCATALOG_COMPILER_GLOBAL_ACCENT_COLOR_NAME = AccentColor;
				CODE_SIGN_STYLE = Automatic;
				CURRENT_PROJECT_VERSION = 1;
				DEVELOPMENT_TEAM = 3W2PBZ455G;
				GCC_OPTIMIZATION_LEVEL = s;
				GENERATE_INFOPLIST_FILE = YES;
				INFOPLIST_FILE = RocketWatch/Info.plist;
				INFOPLIST_KEY_CFBundleDisplayName = RocketWatch;
				INFOPLIST_KEY_UIApplicationSupportsIndirectInputEvents = YES;
				INFOPLIST_KEY_UILaunchStoryboardName = LaunchScreen;
				INFOPLIST_KEY_UIMainStoryboardFile = Main;
				INFOPLIST_KEY_UISupportedInterfaceOrientations_iPad = "UIInterfaceOrientationPortrait UIInterfaceOrientationPortraitUpsideDown UIInterfaceOrientationLandscapeLeft UIInterfaceOrientationLandscapeRight";
				INFOPLIST_KEY_UISupportedInterfaceOrientations_iPhone = "UIInterfaceOrientationPortrait UIInterfaceOrientationLandscapeLeft UIInterfaceOrientationLandscapeRight";
				LD_RUNPATH_SEARCH_PATHS = (
					"$(inherited)",
					"@executable_path/Frameworks",
				);
				MARKETING_VERSION = 1.0;
				PRODUCT_BUNDLE_IDENTIFIER = B3.RocketWatch;
				PRODUCT_NAME = "$(TARGET_NAME)";
				SWIFT_COMPILATION_MODE = wholemodule;
				SWIFT_EMIT_LOC_STRINGS = YES;
				SWIFT_VERSION = 5.0;
				TARGETED_DEVICE_FAMILY = "1,2";
			};
			name = Release;
		};
/* End XCBuildConfiguration section */

/* Begin XCConfigurationList section */
		031659B329375DD1003B48FC /* Build configuration list for PBXProject "RocketWatch" */ = {
			isa = XCConfigurationList;
			buildConfigurations = (
				031659CA29375DD2003B48FC /* Debug */,
				031659CB29375DD2003B48FC /* Release */,
			);
			defaultConfigurationIsVisible = 0;
			defaultConfigurationName = Release;
		};
		031659CC29375DD2003B48FC /* Build configuration list for PBXNativeTarget "RocketWatch" */ = {
			isa = XCConfigurationList;
			buildConfigurations = (
				031659CD29375DD2003B48FC /* Debug */,
				031659CE29375DD2003B48FC /* Release */,
			);
			defaultConfigurationIsVisible = 0;
			defaultConfigurationName = Release;
		};
/* End XCConfigurationList section */
	};
	rootObject = 031659B029375DD1003B48FC /* Project object */;
}
